
Microsoft Visual Studio Solution File, Format Version 11.00
# Visual Studio 2010
Project("{FAE04EC0-301F-11D3-BF4B-00C04F79EFBC}") = "Planet Generation Approach 5", "Assembly-CSharp.csproj", "{5652931F-4DBE-D044-0497-F52AAD9B42CE}"
EndProject
Project("{FAE04EC0-301F-11D3-BF4B-00C04F79EFBC}") = "Planet Generation Approach 5", "Assembly-CSharp-Editor.csproj", "{4600D784-A531-93BA-8813-E0DD42232B90}"
EndProject
Global
	GlobalSection(SolutionConfigurationPlatforms) = preSolution
		Debug|Any CPU = Debug|Any CPU
		Release|Any CPU = Release|Any CPU
	EndGlobalSection
	GlobalSection(ProjectConfigurationPlatforms) = postSolution
		{5652931F-4DBE-D044-0497-F52AAD9B42CE}.Debug|Any CPU.ActiveCfg = Debug|Any CPU
		{5652931F-4DBE-D044-0497-F52AAD9B42CE}.Debug|Any CPU.Build.0 = Debug|Any CPU
		{5652931F-4DBE-D044-0497-F52AAD9B42CE}.Release|Any CPU.ActiveCfg = Release|Any CPU
		{5652931F-4DBE-D044-0497-F52AAD9B42CE}.Release|Any CPU.Build.0 = Release|Any CPU
		{4600D784-A531-93BA-8813-E0DD42232B90}.Debug|Any CPU.ActiveCfg = Debug|Any CPU
		{4600D784-A531-93BA-8813-E0DD42232B90}.Debug|Any CPU.Build.0 = Debug|Any CPU
		{4600D784-A531-93BA-8813-E0DD42232B90}.Release|Any CPU.ActiveCfg = Release|Any CPU
		{4600D784-A531-93BA-8813-E0DD42232B90}.Release|Any CPU.Build.0 = Release|Any CPU
	EndGlobalSection
	GlobalSection(SolutionProperties) = preSolution
		HideSolutionNode = FALSE
	EndGlobalSection
	GlobalSection(MonoDevelopProperties) = preSolution
		StartupItem = Assembly-CSharp.csproj
	EndGlobalSection
EndGlobal
